PODS:
  - QueryKit (0.13.0)
  - RxSwift (3.0.0-beta.1)

DEPENDENCIES:
  - QueryKit (~> 0.13.0)
  - RxSwift (= 3.0.0-beta.1)

SPEC CHECKSUMS:
  QueryKit: 406c42b9b4eb5f8dab380a9e5bd9ef656542d1f4
  RxSwift: 0823e8d7969c23bfa9ddfb2afa4881e424a1a710

PODFILE CHECKSUM: c654bc3cb69caf3e277e1e5664a489d7a2bba3f7

COCOAPODS: 1.1.0.rc.2
